// !$*UTF8*$!
{
	archiveVersion = 1;
	classes = {
	};
	objectVersion = 60;
	objects = {

/* Begin PBXBuildFile section */
		A0456FDE2C2E0FD200DC2879 /* KillerData in Frameworks */ = {isa = PBXBuildFile; productRef = A0456FDD2C2E0FD200DC2879 /* KillerData */; };
		A0456FE12C2EA10200DC2879 /* KillerModels in Frameworks */ = {isa = PBXBuildFile; productRef = A0456FE02C2EA10200DC2879 /* KillerModels */; };
		A0456FE42C2EA11500DC2879 /* KillerData in Frameworks */ = {isa = PBXBuildFile; productRef = A0456FE32C2EA11500DC2879 /* KillerData */; };
		A04EDD382C31E79B00B299C4 /* Logging in Frameworks */ = {isa = PBXBuildFile; productRef = A04EDD372C31E79B00B299C4 /* Logging */; };
		A04EDD3A2C31E79B00B299C4 /* UtilExtensions in Frameworks */ = {isa = PBXBuildFile; productRef = A04EDD392C31E79B00B299C4 /* UtilExtensions */; };
		A04EDD3C2C31E79B00B299C4 /* UtilViews in Frameworks */ = {isa = PBXBuildFile; productRef = A04EDD3B2C31E79B00B299C4 /* UtilViews */; };
		A05115712C2DC08900923202 /* KillerModels in Frameworks */ = {isa = PBXBuildFile; productRef = A05115702C2DC08900923202 /* KillerModels */; };
		A055B5BE2C25E52200BCB5C2 /* TaskManagerApp.swift in Sources */ = {isa = PBXBuildFile; fileRef = A055B5BD2C25E52200BCB5C2 /* TaskManagerApp.swift */; };
		A055B5C02C25E52200BCB5C2 /* TaskContainerView.swift in Sources */ = {isa = PBXBuildFile; fileRef = A055B5BF2C25E52200BCB5C2 /* TaskContainerView.swift */; };
		A055B5C22C25E52300BCB5C2 /* Assets.xcassets in Resources */ = {isa = PBXBuildFile; fileRef = A055B5C12C25E52300BCB5C2 /* Assets.xcassets */; };
		A055B5C62C25E52300BCB5C2 /* Preview Assets.xcassets in Resources */ = {isa = PBXBuildFile; fileRef = A055B5C52C25E52300BCB5C2 /* Preview Assets.xcassets */; };
		A055B5D02C25E52300BCB5C2 /* DatabaseTests.swift in Sources */ = {isa = PBXBuildFile; fileRef = A055B5CF2C25E52300BCB5C2 /* DatabaseTests.swift */; };
		A09B7A6E2C3B0DA500C01586 /* AsyncAlgorithms in Frameworks */ = {isa = PBXBuildFile; productRef = A09B7A6D2C3B0DA500C01586 /* AsyncAlgorithms */; };
		A0D1EBED2C26C5C7008636CB /* SQLite in Frameworks */ = {isa = PBXBuildFile; productRef = A0D1EBEC2C26C5C7008636CB /* SQLite */; };
		A0DB377C2C2DD02A00D17C00 /* KillerModels in Frameworks */ = {isa = PBXBuildFile; productRef = A0DB377B2C2DD02A00D17C00 /* KillerModels */; };
		A0DB37812C2E0ED200D17C00 /* KillerModels in Frameworks */ = {isa = PBXBuildFile; productRef = A0DB37802C2E0ED200D17C00 /* KillerModels */; };
/* End PBXBuildFile section */

/* Begin PBXContainerItemProxy section */
		A055B5CC2C25E52300BCB5C2 /* PBXContainerItemProxy */ = {
			isa = PBXContainerItemProxy;
			containerPortal = A055B5B22C25E52200BCB5C2 /* Project object */;
			proxyType = 1;
			remoteGlobalIDString = A055B5B92C25E52200BCB5C2;
			remoteInfo = TaskManager;
		};
		A055B5D62C25E52300BCB5C2 /* PBXContainerItemProxy */ = {
			isa = PBXContainerItemProxy;
			containerPortal = A055B5B22C25E52200BCB5C2 /* Project object */;
			proxyType = 1;
			remoteGlobalIDString = A055B5B92C25E52200BCB5C2;
			remoteInfo = TaskManager;
		};
/* End PBXContainerItemProxy section */

/* Begin PBXFileReference section */
		A0456FE52C2FEAE900DC2879 /* Info.plist */ = {isa = PBXFileReference; lastKnownFileType = text.plist; path = Info.plist; sourceTree = "<group>"; };
		A055B5BA2C25E52200BCB5C2 /* TaskManager.app */ = {isa = PBXFileReference; explicitFileType = wrapper.application; includeInIndex = 0; path = TaskManager.app; sourceTree = BUILT_PRODUCTS_DIR; };
		A055B5BD2C25E52200BCB5C2 /* TaskManagerApp.swift */ = {isa = PBXFileReference; lastKnownFileType = sourcecode.swift; path = TaskManagerApp.swift; sourceTree = "<group>"; };
		A055B5BF2C25E52200BCB5C2 /* TaskContainerView.swift */ = {isa = PBXFileReference; lastKnownFileType = sourcecode.swift; path = TaskContainerView.swift; sourceTree = "<group>"; };
		A055B5C12C25E52300BCB5C2 /* Assets.xcassets */ = {isa = PBXFileReference; lastKnownFileType = folder.assetcatalog; path = Assets.xcassets; sourceTree = "<group>"; };
		A055B5C32C25E52300BCB5C2 /* TaskManager.entitlements */ = {isa = PBXFileReference; lastKnownFileType = text.plist.entitlements; path = TaskManager.entitlements; sourceTree = "<group>"; };
		A055B5C52C25E52300BCB5C2 /* Preview Assets.xcassets */ = {isa = PBXFileReference; lastKnownFileType = folder.assetcatalog; path = "Preview Assets.xcassets"; sourceTree = "<group>"; };
		A055B5CB2C25E52300BCB5C2 /* TaskManagerTests.xctest */ = {isa = PBXFileReference; explicitFileType = wrapper.cfbundle; includeInIndex = 0; path = TaskManagerTests.xctest; sourceTree = BUILT_PRODUCTS_DIR; };
		A055B5CF2C25E52300BCB5C2 /* DatabaseTests.swift */ = {isa = PBXFileReference; lastKnownFileType = sourcecode.swift; path = DatabaseTests.swift; sourceTree = "<group>"; };
		A055B5D52C25E52300BCB5C2 /* TaskManagerUITests.xctest */ = {isa = PBXFileReference; explicitFileType = wrapper.cfbundle; includeInIndex = 0; path = TaskManagerUITests.xctest; sourceTree = BUILT_PRODUCTS_DIR; };
/* End PBXFileReference section */

/* Begin PBXFrameworksBuildPhase section */
		A055B5B72C25E52200BCB5C2 /* Frameworks */ = {
			isa = PBXFrameworksBuildPhase;
			buildActionMask = 2147483647;
			files = (
				A0D1EBED2C26C5C7008636CB /* SQLite in Frameworks */,
				A09B7A6E2C3B0DA500C01586 /* AsyncAlgorithms in Frameworks */,
				A0456FE12C2EA10200DC2879 /* KillerModels in Frameworks */,
				A04EDD3A2C31E79B00B299C4 /* UtilExtensions in Frameworks */,
				A0DB377C2C2DD02A00D17C00 /* KillerModels in Frameworks */,
				A05115712C2DC08900923202 /* KillerModels in Frameworks */,
				A0DB37812C2E0ED200D17C00 /* KillerModels in Frameworks */,
				A0456FDE2C2E0FD200DC2879 /* KillerData in Frameworks */,
				A04EDD3C2C31E79B00B299C4 /* UtilViews in Frameworks */,
				A04EDD382C31E79B00B299C4 /* Logging in Frameworks */,
				A0456FE42C2EA11500DC2879 /* KillerData in Frameworks */,
			);
			runOnlyForDeploymentPostprocessing = 0;
		};
		A055B5C82C25E52300BCB5C2 /* Frameworks */ = {
			isa = PBXFrameworksBuildPhase;
			buildActionMask = 2147483647;
			files = (
			);
			runOnlyForDeploymentPostprocessing = 0;
		};
		A055B5D22C25E52300BCB5C2 /* Frameworks */ = {
			isa = PBXFrameworksBuildPhase;
			buildActionMask = 2147483647;
			files = (
			);
			runOnlyForDeploymentPostprocessing = 0;
		};
/* End PBXFrameworksBuildPhase section */

/* Begin PBXGroup section */
		A055B5B12C25E52200BCB5C2 = {
			isa = PBXGroup;
			children = (
				A055B5BC2C25E52200BCB5C2 /* TaskManager */,
				A055B5CE2C25E52300BCB5C2 /* TaskManagerTests */,
				A055B5BB2C25E52200BCB5C2 /* Products */,
				A055B5E92C26018F00BCB5C2 /* Frameworks */,
			);
			sourceTree = "<group>";
		};
		A055B5BB2C25E52200BCB5C2 /* Products */ = {
			isa = PBXGroup;
			children = (
				A055B5BA2C25E52200BCB5C2 /* TaskManager.app */,
				A055B5CB2C25E52300BCB5C2 /* TaskManagerTests.xctest */,
				A055B5D52C25E52300BCB5C2 /* TaskManagerUITests.xctest */,
			);
			name = Products;
			sourceTree = "<group>";
		};
		A055B5BC2C25E52200BCB5C2 /* TaskManager */ = {
			isa = PBXGroup;
			children = (
				A0456FE52C2FEAE900DC2879 /* Info.plist */,
				A055B5BD2C25E52200BCB5C2 /* TaskManagerApp.swift */,
				A055B5BF2C25E52200BCB5C2 /* TaskContainerView.swift */,
				A055B5C12C25E52300BCB5C2 /* Assets.xcassets */,
				A055B5C32C25E52300BCB5C2 /* TaskManager.entitlements */,
				A055B5C42C25E52300BCB5C2 /* Preview Content */,
			);
			path = TaskManager;
			sourceTree = "<group>";
		};
		A055B5C42C25E52300BCB5C2 /* Preview Content */ = {
			isa = PBXGroup;
			children = (
				A055B5C52C25E52300BCB5C2 /* Preview Assets.xcassets */,
			);
			path = "Preview Content";
			sourceTree = "<group>";
		};
		A055B5CE2C25E52300BCB5C2 /* TaskManagerTests */ = {
			isa = PBXGroup;
			children = (
				A055B5CF2C25E52300BCB5C2 /* DatabaseTests.swift */,
			);
			path = TaskManagerTests;
			sourceTree = "<group>";
		};
		A055B5E92C26018F00BCB5C2 /* Frameworks */ = {
			isa = PBXGroup;
			children = (
			);
			name = Frameworks;
			sourceTree = "<group>";
		};
/* End PBXGroup section */

/* Begin PBXNativeTarget section */
		A055B5B92C25E52200BCB5C2 /* TaskManager */ = {
			isa = PBXNativeTarget;
			buildConfigurationList = A055B5DF2C25E52300BCB5C2 /* Build configuration list for PBXNativeTarget "TaskManager" */;
			buildPhases = (
				A055B5B62C25E52200BCB5C2 /* Sources */,
				A055B5B72C25E52200BCB5C2 /* Frameworks */,
				A055B5B82C25E52200BCB5C2 /* Resources */,
			);
			buildRules = (
			);
			dependencies = (
			);
			name = TaskManager;
			packageProductDependencies = (
				A0D1EBEC2C26C5C7008636CB /* SQLite */,
				A05115702C2DC08900923202 /* KillerModels */,
				A0DB377B2C2DD02A00D17C00 /* KillerModels */,
				A0DB37802C2E0ED200D17C00 /* KillerModels */,
				A0456FDD2C2E0FD200DC2879 /* KillerData */,
				A0456FE02C2EA10200DC2879 /* KillerModels */,
				A0456FE32C2EA11500DC2879 /* KillerData */,
				A04EDD372C31E79B00B299C4 /* Logging */,
				A04EDD392C31E79B00B299C4 /* UtilExtensions */,
				A04EDD3B2C31E79B00B299C4 /* UtilViews */,
				A09B7A6D2C3B0DA500C01586 /* AsyncAlgorithms */,
			);
			productName = TaskManager;
			productReference = A055B5BA2C25E52200BCB5C2 /* TaskManager.app */;
			productType = "com.apple.product-type.application";
		};
		A055B5CA2C25E52300BCB5C2 /* TaskManagerTests */ = {
			isa = PBXNativeTarget;
			buildConfigurationList = A055B5E22C25E52300BCB5C2 /* Build configuration list for PBXNativeTarget "TaskManagerTests" */;
			buildPhases = (
				A055B5C72C25E52300BCB5C2 /* Sources */,
				A055B5C82C25E52300BCB5C2 /* Frameworks */,
				A055B5C92C25E52300BCB5C2 /* Resources */,
			);
			buildRules = (
			);
			dependencies = (
				A055B5CD2C25E52300BCB5C2 /* PBXTargetDependency */,
			);
			name = TaskManagerTests;
			productName = TaskManagerTests;
			productReference = A055B5CB2C25E52300BCB5C2 /* TaskManagerTests.xctest */;
			productType = "com.apple.product-type.bundle.unit-test";
		};
		A055B5D42C25E52300BCB5C2 /* TaskManagerUITests */ = {
			isa = PBXNativeTarget;
			buildConfigurationList = A055B5E52C25E52300BCB5C2 /* Build configuration list for PBXNativeTarget "TaskManagerUITests" */;
			buildPhases = (
				A055B5D12C25E52300BCB5C2 /* Sources */,
				A055B5D22C25E52300BCB5C2 /* Frameworks */,
				A055B5D32C25E52300BCB5C2 /* Resources */,
			);
			buildRules = (
			);
			dependencies = (
				A055B5D72C25E52300BCB5C2 /* PBXTargetDependency */,
			);
			name = TaskManagerUITests;
			productName = TaskManagerUITests;
			productReference = A055B5D52C25E52300BCB5C2 /* TaskManagerUITests.xctest */;
			productType = "com.apple.product-type.bundle.ui-testing";
		};
/* End PBXNativeTarget section */

/* Begin PBXProject section */
		A055B5B22C25E52200BCB5C2 /* Project object */ = {
			isa = PBXProject;
			attributes = {
				BuildIndependentTargetsInParallel = 1;
				LastSwiftUpdateCheck = 1600;
				LastUpgradeCheck = 1600;
				TargetAttributes = {
					A055B5B92C25E52200BCB5C2 = {
						CreatedOnToolsVersion = 16.0;
					};
					A055B5CA2C25E52300BCB5C2 = {
						CreatedOnToolsVersion = 16.0;
						TestTargetID = A055B5B92C25E52200BCB5C2;
					};
					A055B5D42C25E52300BCB5C2 = {
						CreatedOnToolsVersion = 16.0;
						TestTargetID = A055B5B92C25E52200BCB5C2;
					};
				};
			};
			buildConfigurationList = A055B5B52C25E52200BCB5C2 /* Build configuration list for PBXProject "TaskManager" */;
			compatibilityVersion = "Xcode 15.0";
			developmentRegion = en;
			hasScannedForEncodings = 0;
			knownRegions = (
				en,
				Base,
			);
			mainGroup = A055B5B12C25E52200BCB5C2;
			packageReferences = (
				A0D1EBEB2C26C5C7008636CB /* XCRemoteSwiftPackageReference "SQLite" */,
				A0456FDF2C2EA10200DC2879 /* XCLocalSwiftPackageReference "Packages/KillerModels" */,
				A0456FE22C2EA11500DC2879 /* XCLocalSwiftPackageReference "Packages/KillerData" */,
				A04EDD362C31E79B00B299C4 /* XCLocalSwiftPackageReference "../packages/AndHashUtilities" */,
				A09B7A6C2C3B0DA500C01586 /* XCRemoteSwiftPackageReference "swift-async-algorithms" */,
			);
			productRefGroup = A055B5BB2C25E52200BCB5C2 /* Products */;
			projectDirPath = "";
			projectRoot = "";
			targets = (
				A055B5B92C25E52200BCB5C2 /* TaskManager */,
				A055B5CA2C25E52300BCB5C2 /* TaskManagerTests */,
				A055B5D42C25E52300BCB5C2 /* TaskManagerUITests */,
			);
		};
/* End PBXProject section */

/* Begin PBXResourcesBuildPhase section */
		A055B5B82C25E52200BCB5C2 /* Resources */ = {
			isa = PBXResourcesBuildPhase;
			buildActionMask = 2147483647;
			files = (
				A055B5C62C25E52300BCB5C2 /* Preview Assets.xcassets in Resources */,
				A055B5C22C25E52300BCB5C2 /* Assets.xcassets in Resources */,
			);
			runOnlyForDeploymentPostprocessing = 0;
		};
		A055B5C92C25E52300BCB5C2 /* Resources */ = {
			isa = PBXResourcesBuildPhase;
			buildActionMask = 2147483647;
			files = (
			);
			runOnlyForDeploymentPostprocessing = 0;
		};
		A055B5D32C25E52300BCB5C2 /* Resources */ = {
			isa = PBXResourcesBuildPhase;
			buildActionMask = 2147483647;
			files = (
			);
			runOnlyForDeploymentPostprocessing = 0;
		};
/* End PBXResourcesBuildPhase section */

/* Begin PBXSourcesBuildPhase section */
		A055B5B62C25E52200BCB5C2 /* Sources */ = {
			isa = PBXSourcesBuildPhase;
			buildActionMask = 2147483647;
			files = (
				A055B5C02C25E52200BCB5C2 /* TaskContainerView.swift in Sources */,
				A055B5BE2C25E52200BCB5C2 /* TaskManagerApp.swift in Sources */,
			);
			runOnlyForDeploymentPostprocessing = 0;
		};
		A055B5C72C25E52300BCB5C2 /* Sources */ = {
			isa = PBXSourcesBuildPhase;
			buildActionMask = 2147483647;
			files = (
				A055B5D02C25E52300BCB5C2 /* DatabaseTests.swift in Sources */,
			);
			runOnlyForDeploymentPostprocessing = 0;
		};
		A055B5D12C25E52300BCB5C2 /* Sources */ = {
			isa = PBXSourcesBuildPhase;
			buildActionMask = 2147483647;
			files = (
			);
			runOnlyForDeploymentPostprocessing = 0;
		};
/* End PBXSourcesBuildPhase section */

/* Begin PBXTargetDependency section */
		A055B5CD2C25E52300BCB5C2 /* PBXTargetDependency */ = {
			isa = PBXTargetDependency;
			target = A055B5B92C25E52200BCB5C2 /* TaskManager */;
			targetProxy = A055B5CC2C25E52300BCB5C2 /* PBXContainerItemProxy */;
		};
		A055B5D72C25E52300BCB5C2 /* PBXTargetDependency */ = {
			isa = PBXTargetDependency;
			target = A055B5B92C25E52200BCB5C2 /* TaskManager */;
			targetProxy = A055B5D62C25E52300BCB5C2 /* PBXContainerItemProxy */;
		};
/* End PBXTargetDependency section */

/* Begin XCBuildConfiguration section */
		A055B5DD2C25E52300BCB5C2 /* Debug */ = {
			isa = XCBuildConfiguration;
			buildSettings = {
				ALWAYS_SEARCH_USER_PATHS = NO;
				ASSETCATALOG_COMPILER_GENERATE_SWIFT_ASSET_SYMBOL_EXTENSIONS = YES;
				CLANG_ANALYZER_NONNULL = YES;
				CLANG_ANALYZER_NUMBER_OBJECT_CONVERSION = YES_AGGRESSIVE;
				CLANG_CXX_LANGUAGE_STANDARD = "gnu++20";
				CLANG_ENABLE_MODULES = YES;
				CLANG_ENABLE_OBJC_ARC = YES;
				CLANG_ENABLE_OBJC_WEAK = YES;
				CLANG_WARN_BLOCK_CAPTURE_AUTORELEASING = YES;
				CLANG_WARN_BOOL_CONVERSION = YES;
				CLANG_WARN_COMMA = YES;
				CLANG_WARN_CONSTANT_CONVERSION = YES;
				CLANG_WARN_DEPRECATED_OBJC_IMPLEMENTATIONS = YES;
				CLANG_WARN_DIRECT_OBJC_ISA_USAGE = YES_ERROR;
				CLANG_WARN_DOCUMENTATION_COMMENTS = YES;
				CLANG_WARN_EMPTY_BODY = YES;
				CLANG_WARN_ENUM_CONVERSION = YES;
				CLANG_WARN_INFINITE_RECURSION = YES;
				CLANG_WARN_INT_CONVERSION = YES;
				CLANG_WARN_NON_LITERAL_NULL_CONVERSION = YES;
				CLANG_WARN_OBJC_IMPLICIT_RETAIN_SELF = YES;
				CLANG_WARN_OBJC_LITERAL_CONVERSION = YES;
				CLANG_WARN_OBJC_ROOT_CLASS = YES_ERROR;
				CLANG_WARN_QUOTED_INCLUDE_IN_FRAMEWORK_HEADER = YES;
				CLANG_WARN_RANGE_LOOP_ANALYSIS = YES;
				CLANG_WARN_STRICT_PROTOTYPES = YES;
				CLANG_WARN_SUSPICIOUS_MOVE = YES;
				CLANG_WARN_UNGUARDED_AVAILABILITY = YES_AGGRESSIVE;
				CLANG_WARN_UNREACHABLE_CODE = YES;
				CLANG_WARN__DUPLICATE_METHOD_MATCH = YES;
				COPY_PHASE_STRIP = NO;
				DEBUG_INFORMATION_FORMAT = dwarf;
				ENABLE_STRICT_OBJC_MSGSEND = YES;
				ENABLE_TESTABILITY = YES;
				ENABLE_USER_SCRIPT_SANDBOXING = YES;
				GCC_C_LANGUAGE_STANDARD = gnu17;
				GCC_DYNAMIC_NO_PIC = NO;
				GCC_NO_COMMON_BLOCKS = YES;
				GCC_OPTIMIZATION_LEVEL = 0;
				GCC_PREPROCESSOR_DEFINITIONS = (
					"DEBUG=1",
					"$(inherited)",
				);
				GCC_WARN_64_TO_32_BIT_CONVERSION = YES;
				GCC_WARN_ABOUT_RETURN_TYPE = YES_ERROR;
				GCC_WARN_UNDECLARED_SELECTOR = YES;
				GCC_WARN_UNINITIALIZED_AUTOS = YES_AGGRESSIVE;
				GCC_WARN_UNUSED_FUNCTION = YES;
				GCC_WARN_UNUSED_VARIABLE = YES;
				LOCALIZATION_PREFERS_STRING_CATALOGS = YES;
				MTL_ENABLE_DEBUG_INFO = INCLUDE_SOURCE;
				MTL_FAST_MATH = YES;
				ONLY_ACTIVE_ARCH = YES;
				SWIFT_ACTIVE_COMPILATION_CONDITIONS = "DEBUG $(inherited)";
				SWIFT_OPTIMIZATION_LEVEL = "-Onone";
				SWIFT_VERSION = 6.0;
			};
			name = Debug;
		};
		A055B5DE2C25E52300BCB5C2 /* Release */ = {
			isa = XCBuildConfiguration;
			buildSettings = {
				ALWAYS_SEARCH_USER_PATHS = NO;
				ASSETCATALOG_COMPILER_GENERATE_SWIFT_ASSET_SYMBOL_EXTENSIONS = YES;
				CLANG_ANALYZER_NONNULL = YES;
				CLANG_ANALYZER_NUMBER_OBJECT_CONVERSION = YES_AGGRESSIVE;
				CLANG_CXX_LANGUAGE_STANDARD = "gnu++20";
				CLANG_ENABLE_MODULES = YES;
				CLANG_ENABLE_OBJC_ARC = YES;
				CLANG_ENABLE_OBJC_WEAK = YES;
				CLANG_WARN_BLOCK_CAPTURE_AUTORELEASING = YES;
				CLANG_WARN_BOOL_CONVERSION = YES;
				CLANG_WARN_COMMA = YES;
				CLANG_WARN_CONSTANT_CONVERSION = YES;
				CLANG_WARN_DEPRECATED_OBJC_IMPLEMENTATIONS = YES;
				CLANG_WARN_DIRECT_OBJC_ISA_USAGE = YES_ERROR;
				CLANG_WARN_DOCUMENTATION_COMMENTS = YES;
				CLANG_WARN_EMPTY_BODY = YES;
				CLANG_WARN_ENUM_CONVERSION = YES;
				CLANG_WARN_INFINITE_RECURSION = YES;
				CLANG_WARN_INT_CONVERSION = YES;
				CLANG_WARN_NON_LITERAL_NULL_CONVERSION = YES;
				CLANG_WARN_OBJC_IMPLICIT_RETAIN_SELF = YES;
				CLANG_WARN_OBJC_LITERAL_CONVERSION = YES;
				CLANG_WARN_OBJC_ROOT_CLASS = YES_ERROR;
				CLANG_WARN_QUOTED_INCLUDE_IN_FRAMEWORK_HEADER = YES;
				CLANG_WARN_RANGE_LOOP_ANALYSIS = YES;
				CLANG_WARN_STRICT_PROTOTYPES = YES;
				CLANG_WARN_SUSPICIOUS_MOVE = YES;
				CLANG_WARN_UNGUARDED_AVAILABILITY = YES_AGGRESSIVE;
				CLANG_WARN_UNREACHABLE_CODE = YES;
				CLANG_WARN__DUPLICATE_METHOD_MATCH = YES;
				COPY_PHASE_STRIP = NO;
				DEBUG_INFORMATION_FORMAT = "dwarf-with-dsym";
				ENABLE_NS_ASSERTIONS = NO;
				ENABLE_STRICT_OBJC_MSGSEND = YES;
				ENABLE_USER_SCRIPT_SANDBOXING = YES;
				GCC_C_LANGUAGE_STANDARD = gnu17;
				GCC_NO_COMMON_BLOCKS = YES;
				GCC_WARN_64_TO_32_BIT_CONVERSION = YES;
				GCC_WARN_ABOUT_RETURN_TYPE = YES_ERROR;
				GCC_WARN_UNDECLARED_SELECTOR = YES;
				GCC_WARN_UNINITIALIZED_AUTOS = YES_AGGRESSIVE;
				GCC_WARN_UNUSED_FUNCTION = YES;
				GCC_WARN_UNUSED_VARIABLE = YES;
				LOCALIZATION_PREFERS_STRING_CATALOGS = YES;
				MTL_ENABLE_DEBUG_INFO = NO;
				MTL_FAST_MATH = YES;
				SWIFT_COMPILATION_MODE = wholemodule;
				SWIFT_VERSION = 6.0;
			};
			name = Release;
		};
		A055B5E02C25E52300BCB5C2 /* Debug */ = {
			isa = XCBuildConfiguration;
			buildSettings = {
				ASSETCATALOG_COMPILER_APPICON_NAME = AppIcon;
				ASSETCATALOG_COMPILER_GLOBAL_ACCENT_COLOR_NAME = AccentColor;
				CODE_SIGN_ENTITLEMENTS = TaskManager/TaskManager.entitlements;
				CODE_SIGN_STYLE = Automatic;
				CURRENT_PROJECT_VERSION = 1;
				DEVELOPMENT_ASSET_PATHS = "\"TaskManager/Preview Content\"";
				DEVELOPMENT_TEAM = RDM83C9NM2;
				ENABLE_HARDENED_RUNTIME = YES;
				ENABLE_PREVIEWS = YES;
				GENERATE_INFOPLIST_FILE = YES;
				INFOPLIST_FILE = TaskManager/Info.plist;
				"INFOPLIST_KEY_UIApplicationSceneManifest_Generation[sdk=iphoneos*]" = YES;
				"INFOPLIST_KEY_UIApplicationSceneManifest_Generation[sdk=iphonesimulator*]" = YES;
				"INFOPLIST_KEY_UIApplicationSupportsIndirectInputEvents[sdk=iphoneos*]" = YES;
				"INFOPLIST_KEY_UIApplicationSupportsIndirectInputEvents[sdk=iphonesimulator*]" = YES;
				"INFOPLIST_KEY_UILaunchScreen_Generation[sdk=iphoneos*]" = YES;
				"INFOPLIST_KEY_UILaunchScreen_Generation[sdk=iphonesimulator*]" = YES;
				"INFOPLIST_KEY_UIStatusBarStyle[sdk=iphoneos*]" = UIStatusBarStyleDefault;
				"INFOPLIST_KEY_UIStatusBarStyle[sdk=iphonesimulator*]" = UIStatusBarStyleDefault;
				INFOPLIST_KEY_UISupportedInterfaceOrientations_iPad = "UIInterfaceOrientationPortrait UIInterfaceOrientationPortraitUpsideDown UIInterfaceOrientationLandscapeLeft UIInterfaceOrientationLandscapeRight";
				INFOPLIST_KEY_UISupportedInterfaceOrientations_iPhone = "UIInterfaceOrientationPortrait UIInterfaceOrientationLandscapeLeft UIInterfaceOrientationLandscapeRight";
				IPHONEOS_DEPLOYMENT_TARGET = 18.0;
				LD_RUNPATH_SEARCH_PATHS = "@executable_path/Frameworks";
				"LD_RUNPATH_SEARCH_PATHS[sdk=macosx*]" = "@executable_path/../Frameworks";
				MACOSX_DEPLOYMENT_TARGET = 15.0;
				MARKETING_VERSION = 1.0;
				PRODUCT_BUNDLE_IDENTIFIER = com.missingapostrophe.TaskManager;
				PRODUCT_NAME = "$(TARGET_NAME)";
				SDKROOT = auto;
				SUPPORTED_PLATFORMS = "iphoneos iphonesimulator macosx xros xrsimulator";
				SWIFT_EMIT_LOC_STRINGS = YES;
				SWIFT_VERSION = 6.0;
				TARGETED_DEVICE_FAMILY = "1,2,7";
				XROS_DEPLOYMENT_TARGET = 2.0;
			};
			name = Debug;
		};
		A055B5E12C25E52300BCB5C2 /* Release */ = {
			isa = XCBuildConfiguration;
			buildSettings = {
				ASSETCATALOG_COMPILER_APPICON_NAME = AppIcon;
				ASSETCATALOG_COMPILER_GLOBAL_ACCENT_COLOR_NAME = AccentColor;
				CODE_SIGN_ENTITLEMENTS = TaskManager/TaskManager.entitlements;
				CODE_SIGN_STYLE = Automatic;
				CURRENT_PROJECT_VERSION = 1;
				DEVELOPMENT_ASSET_PATHS = "\"TaskManager/Preview Content\"";
				DEVELOPMENT_TEAM = RDM83C9NM2;
				ENABLE_HARDENED_RUNTIME = YES;
				ENABLE_PREVIEWS = YES;
				GENERATE_INFOPLIST_FILE = YES;
				INFOPLIST_FILE = TaskManager/Info.plist;
				"INFOPLIST_KEY_UIApplicationSceneManifest_Generation[sdk=iphoneos*]" = YES;
				"INFOPLIST_KEY_UIApplicationSceneManifest_Generation[sdk=iphonesimulator*]" = YES;
				"INFOPLIST_KEY_UIApplicationSupportsIndirectInputEvents[sdk=iphoneos*]" = YES;
				"INFOPLIST_KEY_UIApplicationSupportsIndirectInputEvents[sdk=iphonesimulator*]" = YES;
				"INFOPLIST_KEY_UILaunchScreen_Generation[sdk=iphoneos*]" = YES;
				"INFOPLIST_KEY_UILaunchScreen_Generation[sdk=iphonesimulator*]" = YES;
				"INFOPLIST_KEY_UIStatusBarStyle[sdk=iphoneos*]" = UIStatusBarStyleDefault;
				"INFOPLIST_KEY_UIStatusBarStyle[sdk=iphonesimulator*]" = UIStatusBarStyleDefault;
				INFOPLIST_KEY_UISupportedInterfaceOrientations_iPad = "UIInterfaceOrientationPortrait UIInterfaceOrientationPortraitUpsideDown UIInterfaceOrientationLandscapeLeft UIInterfaceOrientationLandscapeRight";
				INFOPLIST_KEY_UISupportedInterfaceOrientations_iPhone = "UIInterfaceOrientationPortrait UIInterfaceOrientationLandscapeLeft UIInterfaceOrientationLandscapeRight";
				IPHONEOS_DEPLOYMENT_TARGET = 18.0;
				LD_RUNPATH_SEARCH_PATHS = "@executable_path/Frameworks";
				"LD_RUNPATH_SEARCH_PATHS[sdk=macosx*]" = "@executable_path/../Frameworks";
				MACOSX_DEPLOYMENT_TARGET = 15.0;
				MARKETING_VERSION = 1.0;
				PRODUCT_BUNDLE_IDENTIFIER = com.missingapostrophe.TaskManager;
				PRODUCT_NAME = "$(TARGET_NAME)";
				SDKROOT = auto;
				SUPPORTED_PLATFORMS = "iphoneos iphonesimulator macosx xros xrsimulator";
				SWIFT_EMIT_LOC_STRINGS = YES;
				SWIFT_VERSION = 6.0;
				TARGETED_DEVICE_FAMILY = "1,2,7";
				XROS_DEPLOYMENT_TARGET = 2.0;
			};
			name = Release;
		};
		A055B5E32C25E52300BCB5C2 /* Debug */ = {
			isa = XCBuildConfiguration;
			buildSettings = {
				BUNDLE_LOADER = "$(TEST_HOST)";
				CODE_SIGN_STYLE = Automatic;
				CURRENT_PROJECT_VERSION = 1;
				DEVELOPMENT_TEAM = RDM83C9NM2;
				GENERATE_INFOPLIST_FILE = YES;
				IPHONEOS_DEPLOYMENT_TARGET = 18.0;
				MACOSX_DEPLOYMENT_TARGET = 15.0;
				MARKETING_VERSION = 1.0;
				PRODUCT_BUNDLE_IDENTIFIER = com.missingapostrophe.TaskManagerTests;
				PRODUCT_NAME = "$(TARGET_NAME)";
				SDKROOT = auto;
				SUPPORTED_PLATFORMS = "iphoneos iphonesimulator macosx xros xrsimulator";
				SWIFT_EMIT_LOC_STRINGS = NO;
				SWIFT_VERSION = 5.0;
				TARGETED_DEVICE_FAMILY = "1,2,7";
				TEST_HOST = "$(BUILT_PRODUCTS_DIR)/TaskManager.app/$(BUNDLE_EXECUTABLE_FOLDER_PATH)/TaskManager";
				XROS_DEPLOYMENT_TARGET = 2.0;
			};
			name = Debug;
		};
		A055B5E42C25E52300BCB5C2 /* Release */ = {
			isa = XCBuildConfiguration;
			buildSettings = {
				BUNDLE_LOADER = "$(TEST_HOST)";
				CODE_SIGN_STYLE = Automatic;
				CURRENT_PROJECT_VERSION = 1;
				DEVELOPMENT_TEAM = RDM83C9NM2;
				GENERATE_INFOPLIST_FILE = YES;
				IPHONEOS_DEPLOYMENT_TARGET = 18.0;
				MACOSX_DEPLOYMENT_TARGET = 15.0;
				MARKETING_VERSION = 1.0;
				PRODUCT_BUNDLE_IDENTIFIER = com.missingapostrophe.TaskManagerTests;
				PRODUCT_NAME = "$(TARGET_NAME)";
				SDKROOT = auto;
				SUPPORTED_PLATFORMS = "iphoneos iphonesimulator macosx xros xrsimulator";
				SWIFT_EMIT_LOC_STRINGS = NO;
				SWIFT_VERSION = 5.0;
				TARGETED_DEVICE_FAMILY = "1,2,7";
				TEST_HOST = "$(BUILT_PRODUCTS_DIR)/TaskManager.app/$(BUNDLE_EXECUTABLE_FOLDER_PATH)/TaskManager";
				XROS_DEPLOYMENT_TARGET = 2.0;
			};
			name = Release;
		};
		A055B5E62C25E52300BCB5C2 /* Debug */ = {
			isa = XCBuildConfiguration;
			buildSettings = {
				CODE_SIGN_STYLE = Automatic;
				CURRENT_PROJECT_VERSION = 1;
				DEVELOPMENT_TEAM = RDM83C9NM2;
				GENERATE_INFOPLIST_FILE = YES;
				IPHONEOS_DEPLOYMENT_TARGET = 18.0;
				MACOSX_DEPLOYMENT_TARGET = 14.5;
				MARKETING_VERSION = 1.0;
				PRODUCT_BUNDLE_IDENTIFIER = com.missingapostrophe.TaskManagerUITests;
				PRODUCT_NAME = "$(TARGET_NAME)";
				SDKROOT = auto;
				SUPPORTED_PLATFORMS = "iphoneos iphonesimulator macosx xros xrsimulator";
				SWIFT_EMIT_LOC_STRINGS = NO;
				SWIFT_VERSION = 5.0;
				TARGETED_DEVICE_FAMILY = "1,2,7";
				TEST_TARGET_NAME = TaskManager;
				XROS_DEPLOYMENT_TARGET = 2.0;
			};
			name = Debug;
		};
		A055B5E72C25E52300BCB5C2 /* Release */ = {
			isa = XCBuildConfiguration;
			buildSettings = {
				CODE_SIGN_STYLE = Automatic;
				CURRENT_PROJECT_VERSION = 1;
				DEVELOPMENT_TEAM = RDM83C9NM2;
				GENERATE_INFOPLIST_FILE = YES;
				IPHONEOS_DEPLOYMENT_TARGET = 18.0;
				MACOSX_DEPLOYMENT_TARGET = 14.5;
				MARKETING_VERSION = 1.0;
				PRODUCT_BUNDLE_IDENTIFIER = com.missingapostrophe.TaskManagerUITests;
				PRODUCT_NAME = "$(TARGET_NAME)";
				SDKROOT = auto;
				SUPPORTED_PLATFORMS = "iphoneos iphonesimulator macosx xros xrsimulator";
				SWIFT_EMIT_LOC_STRINGS = NO;
				SWIFT_VERSION = 5.0;
				TARGETED_DEVICE_FAMILY = "1,2,7";
				TEST_TARGET_NAME = TaskManager;
				XROS_DEPLOYMENT_TARGET = 2.0;
			};
			name = Release;
		};
/* End XCBuildConfiguration section */

/* Begin XCConfigurationList section */
		A055B5B52C25E52200BCB5C2 /* Build configuration list for PBXProject "TaskManager" */ = {
			isa = XCConfigurationList;
			buildConfigurations = (
				A055B5DD2C25E52300BCB5C2 /* Debug */,
				A055B5DE2C25E52300BCB5C2 /* Release */,
			);
			defaultConfigurationIsVisible = 0;
			defaultConfigurationName = Release;
		};
		A055B5DF2C25E52300BCB5C2 /* Build configuration list for PBXNativeTarget "TaskManager" */ = {
			isa = XCConfigurationList;
			buildConfigurations = (
				A055B5E02C25E52300BCB5C2 /* Debug */,
				A055B5E12C25E52300BCB5C2 /* Release */,
			);
			defaultConfigurationIsVisible = 0;
			defaultConfigurationName = Release;
		};
		A055B5E22C25E52300BCB5C2 /* Build configuration list for PBXNativeTarget "TaskManagerTests" */ = {
			isa = XCConfigurationList;
			buildConfigurations = (
				A055B5E32C25E52300BCB5C2 /* Debug */,
				A055B5E42C25E52300BCB5C2 /* Release */,
			);
			defaultConfigurationIsVisible = 0;
			defaultConfigurationName = Release;
		};
		A055B5E52C25E52300BCB5C2 /* Build configuration list for PBXNativeTarget "TaskManagerUITests" */ = {
			isa = XCConfigurationList;
			buildConfigurations = (
				A055B5E62C25E52300BCB5C2 /* Debug */,
				A055B5E72C25E52300BCB5C2 /* Release */,
			);
			defaultConfigurationIsVisible = 0;
			defaultConfigurationName = Release;
		};
/* End XCConfigurationList section */

/* Begin XCLocalSwiftPackageReference section */
		A0456FDF2C2EA10200DC2879 /* XCLocalSwiftPackageReference "Packages/KillerModels" */ = {
			isa = XCLocalSwiftPackageReference;
			relativePath = Packages/KillerModels;
		};
		A0456FE22C2EA11500DC2879 /* XCLocalSwiftPackageReference "Packages/KillerData" */ = {
			isa = XCLocalSwiftPackageReference;
			relativePath = Packages/KillerData;
		};
		A04EDD362C31E79B00B299C4 /* XCLocalSwiftPackageReference "../packages/AndHashUtilities" */ = {
			isa = XCLocalSwiftPackageReference;
			relativePath = ../packages/AndHashUtilities;
		};
/* End XCLocalSwiftPackageReference section */

/* Begin XCRemoteSwiftPackageReference section */
		A09B7A6C2C3B0DA500C01586 /* XCRemoteSwiftPackageReference "swift-async-algorithms" */ = {
			isa = XCRemoteSwiftPackageReference;
			repositoryURL = "https://github.com/apple/swift-async-algorithms.git";
			requirement = {
				kind = upToNextMajorVersion;
				minimumVersion = 1.0.1;
			};
		};
		A0D1EBEB2C26C5C7008636CB /* XCRemoteSwiftPackageReference "SQLite" */ = {
			isa = XCRemoteSwiftPackageReference;
			repositoryURL = "https://github.com/stephencelis/SQLite.swift";
			requirement = {
				kind = upToNextMajorVersion;
				minimumVersion = 0.15.3;
			};
		};
/* End XCRemoteSwiftPackageReference section */

/* Begin XCSwiftPackageProductDependency section */
		A0456FDD2C2E0FD200DC2879 /* KillerData */ = {
			isa = XCSwiftPackageProductDependency;
			productName = KillerData;
		};
		A0456FE02C2EA10200DC2879 /* KillerModels */ = {
			isa = XCSwiftPackageProductDependency;
			productName = KillerModels;
		};
		A0456FE32C2EA11500DC2879 /* KillerData */ = {
			isa = XCSwiftPackageProductDependency;
			productName = KillerData;
		};
		A04EDD372C31E79B00B299C4 /* Logging */ = {
			isa = XCSwiftPackageProductDependency;
			productName = Logging;
		};
		A04EDD392C31E79B00B299C4 /* UtilExtensions */ = {
			isa = XCSwiftPackageProductDependency;
			productName = UtilExtensions;
		};
		A04EDD3B2C31E79B00B299C4 /* UtilViews */ = {
			isa = XCSwiftPackageProductDependency;
			productName = UtilViews;
		};
		A05115702C2DC08900923202 /* KillerModels */ = {
			isa = XCSwiftPackageProductDependency;
			productName = KillerModels;
		};
		A09B7A6D2C3B0DA500C01586 /* AsyncAlgorithms */ = {
			isa = XCSwiftPackageProductDependency;
			package = A09B7A6C2C3B0DA500C01586 /* XCRemoteSwiftPackageReference "swift-async-algorithms" */;
			productName = AsyncAlgorithms;
		};
		A0D1EBEC2C26C5C7008636CB /* SQLite */ = {
			isa = XCSwiftPackageProductDependency;
			package = A0D1EBEB2C26C5C7008636CB /* XCRemoteSwiftPackageReference "SQLite" */;
			productName = SQLite;
		};
		A0DB377B2C2DD02A00D17C00 /* KillerModels */ = {
			isa = XCSwiftPackageProductDependency;
			productName = KillerModels;
		};
		A0DB37802C2E0ED200D17C00 /* KillerModels */ = {
			isa = XCSwiftPackageProductDependency;
			productName = KillerModels;
		};
/* End XCSwiftPackageProductDependency section */
	};
	rootObject = A055B5B22C25E52200BCB5C2 /* Project object */;
}
